
Microsoft Visual Studio Solution File, Format Version 12.00
# Visual Studio 14
VisualStudioVersion = 14.0.24720.0
MinimumVisualStudioVersion = 10.0.40219.1
Project("{8BC9CEB8-8B4A-11D0-8D11-00A0C91BC942}") = "UnionFind", "UnionFind\UnionFind.vcxproj", "{E1317FC0-C468-4E21-A661-253366A43065}"
EndProject
Project("{8BC9CEB8-8B4A-11D0-8D11-00A0C91BC942}") = "Recursion", "Recursion\Recursion.vcxproj", "{15B1A3EF-E289-4C1F-A048-54F861DBBA30}"
EndProject
Project("{8BC9CEB8-8B4A-11D0-8D11-00A0C91BC942}") = "Hanoi", "Hanoi\Hanoi.vcxproj", "{C7BB6D79-8699-46D2-BB75-3BFA7F6AAB56}"
EndProject
Global
	GlobalSection(SolutionConfigurationPlatforms) = preSolution
		Debug|x64 = Debug|x64
		Debug|x86 = Debug|x86
		Release|x64 = Release|x64
		Release|x86 = Release|x86
	EndGlobalSection
	GlobalSection(ProjectConfigurationPlatforms) = postSolution
		{E1317FC0-C468-4E21-A661-253366A43065}.Debug|x64.ActiveCfg = Debug|x64
		{E1317FC0-C468-4E21-A661-253366A43065}.Debug|x64.Build.0 = Debug|x64
		{E1317FC0-C468-4E21-A661-253366A43065}.Debug|x86.ActiveCfg = Debug|Win32
		{E1317FC0-C468-4E21-A661-253366A43065}.Debug|x86.Build.0 = Debug|Win32
		{E1317FC0-C468-4E21-A661-253366A43065}.Release|x64.ActiveCfg = Release|x64
		{E1317FC0-C468-4E21-A661-253366A43065}.Release|x64.Build.0 = Release|x64
		{E1317FC0-C468-4E21-A661-253366A43065}.Release|x86.ActiveCfg = Release|Win32
		{E1317FC0-C468-4E21-A661-253366A43065}.Release|x86.Build.0 = Release|Win32
		{15B1A3EF-E289-4C1F-A048-54F861DBBA30}.Debug|x64.ActiveCfg = Debug|x64
		{15B1A3EF-E289-4C1F-A048-54F861DBBA30}.Debug|x64.Build.0 = Debug|x64
		{15B1A3EF-E289-4C1F-A048-54F861DBBA30}.Debug|x86.ActiveCfg = Debug|Win32
		{15B1A3EF-E289-4C1F-A048-54F861DBBA30}.Debug|x86.Build.0 = Debug|Win32
		{15B1A3EF-E289-4C1F-A048-54F861DBBA30}.Release|x64.ActiveCfg = Release|x64
		{15B1A3EF-E289-4C1F-A048-54F861DBBA30}.Release|x64.Build.0 = Release|x64
		{15B1A3EF-E289-4C1F-A048-54F861DBBA30}.Release|x86.ActiveCfg = Release|Win32
		{15B1A3EF-E289-4C1F-A048-54F861DBBA30}.Release|x86.Build.0 = Release|Win32
		{C7BB6D79-8699-46D2-BB75-3BFA7F6AAB56}.Debug|x64.ActiveCfg = Debug|x64
		{C7BB6D79-8699-46D2-BB75-3BFA7F6AAB56}.Debug|x64.Build.0 = Debug|x64
		{C7BB6D79-8699-46D2-BB75-3BFA7F6AAB56}.Debug|x86.ActiveCfg = Debug|Win32
		{C7BB6D79-8699-46D2-BB75-3BFA7F6AAB56}.Debug|x86.Build.0 = Debug|Win32
		{C7BB6D79-8699-46D2-BB75-3BFA7F6AAB56}.Release|x64.ActiveCfg = Release|x64
		{C7BB6D79-8699-46D2-BB75-3BFA7F6AAB56}.Release|x64.Build.0 = Release|x64
		{C7BB6D79-8699-46D2-BB75-3BFA7F6AAB56}.Release|x86.ActiveCfg = Release|Win32
		{C7BB6D79-8699-46D2-BB75-3BFA7F6AAB56}.Release|x86.Build.0 = Release|Win32
	EndGlobalSection
	GlobalSection(SolutionProperties) = preSolution
		HideSolutionNode = FALSE
	EndGlobalSection
EndGlobal
